# This file is generated by running "yarn install" inside your project.
# Manual changes might be lost - proceed with caution!

__metadata:
  version: 8
  cacheKey: 10c0

"@types/stats.js@npm:*":
  version: 0.17.2
  resolution: "@types/stats.js@npm:0.17.2"
  checksum: 8593b6110ec134b328b2bdbd9a21441c74c30e01f49a0468d3848a345f6c1767ccdc0df527b427a8e3ae00469fab2dc1f034b3d3b7248ac5b3abfc857912a731
  languageName: node
  linkType: hard

"@types/three@npm:^0.158.1":
  version: 0.158.1
  resolution: "@types/three@npm:0.158.1"
  dependencies:
    "@types/stats.js": "npm:*"
    "@types/webxr": "npm:*"
    fflate: "npm:~0.6.10"
    meshoptimizer: "npm:~0.18.1"
  checksum: 05f262ab72aebe120f406f1707f6b691401e1be5f7b934147853baa24646eff54b97b789796666a6f1c1a77b6287350d7569e9c088c4f9c25e1e60c60a10091f
  languageName: node
  linkType: hard

"@types/webxr@npm:*":
  version: 0.5.7
  resolution: "@types/webxr@npm:0.5.7"
  checksum: 43b9d20f704bc40d6b22f5b255477d288515dfdf99067c7d774a5119ab850de3e6b74045aa90ad7adc27a7861bee6537fbc04c3dbfe2b48a3d51094b93d046d2
  languageName: node
  linkType: hard

"city_builder_3d@workspace:.":
  version: 0.0.0-use.local
  resolution: "city_builder_3d@workspace:."
  dependencies:
    "@types/three": "npm:^0.158.1"
    three: "npm:^0.158.0"
    typescript: "npm:^5.2.2"
  languageName: unknown
  linkType: soft

"fflate@npm:~0.6.10":
  version: 0.6.10
  resolution: "fflate@npm:0.6.10"
  checksum: c452f720e4cb404b300fceb8ef0bdf345f18fbfd3f57f7d0974dce5f5e2ac0e8dd4b6ff4bb7061ae74fd919b9c707172f9dbd44d91149b1137199b8c705768f1
  languageName: node
  linkType: hard

"meshoptimizer@npm:~0.18.1":
  version: 0.18.1
  resolution: "meshoptimizer@npm:0.18.1"
  checksum: 8a825c58b20b65585e8d00788843929b60c66ba4297e89afaa49f7c51ab9a0f7b9130f90cc9ad1b9b48b3d1bee3beb1bc93608acba0d73e78995c3e6e5ca436b
  languageName: node
  linkType: hard

"three@npm:^0.158.0":
  version: 0.158.0
  resolution: "three@npm:0.158.0"
  checksum: b75e88f5e213d026f809d515433f6ce36bb2beebb952120700e850ec9f3fd69032c873ecf3455a586c032c72f4b67ee844b4be867016c7346828b4d1b3560014
  languageName: node
  linkType: hard

"typescript@npm:^5.2.2":
  version: 5.2.2
  resolution: "typescript@npm:5.2.2"
  bin:
    tsc: bin/tsc
    tsserver: bin/tsserver
  checksum: 91ae3e6193d0ddb8656d4c418a033f0f75dec5e077ebbc2bd6d76439b93f35683936ee1bdc0e9cf94ec76863aa49f27159b5788219b50e1cd0cd6d110aa34b07
  languageName: node
  linkType: hard

"typescript@patch:typescript@npm%3A^5.2.2#optional!builtin<compat/typescript>":
  version: 5.2.2
  resolution: "typescript@patch:typescript@npm%3A5.2.2#optional!builtin<compat/typescript>::version=5.2.2&hash=f3b441"
  bin:
    tsc: bin/tsc
    tsserver: bin/tsserver
  checksum: 062c1cee1990e6b9419ce8a55162b8dc917eb87f807e4de0327dbc1c2fa4e5f61bc0dd4e034d38ff541d1ed0479b53bcee8e4de3a4075c51a1724eb6216cb6f5
  languageName: node
  linkType: hard
